
Microsoft Visual Studio Solution File, Format Version 12.00
Project("{FAE04EC0-301F-11D3-BF4B-00C04F79EFBC}") = "MenuGraph", "MenuGraph.csproj", "{AF7FDDE6-BA9B-425F-8F06-663C3EABDF5C}"
EndProject
Global
	GlobalSection(SolutionConfigurationPlatforms) = preSolution
		Debug|Any CPU = Debug|Any CPU
		Release|Any CPU = Release|Any CPU
	EndGlobalSection
	GlobalSection(ProjectConfigurationPlatforms) = postSolution
		{AF7FDDE6-BA9B-425F-8F06-663C3EABDF5C}.Debug|Any CPU.ActiveCfg = Debug|Any CPU
		{AF7FDDE6-BA9B-425F-8F06-663C3EABDF5C}.Debug|Any CPU.Build.0 = Debug|Any CPU
		{AF7FDDE6-BA9B-425F-8F06-663C3EABDF5C}.Release|Any CPU.ActiveCfg = Release|Any CPU
		{AF7FDDE6-BA9B-425F-8F06-663C3EABDF5C}.Release|Any CPU.Build.0 = Release|Any CPU
	EndGlobalSection
EndGlobal
